# This file was autogenerated by Stack.
# You should not edit this file by hand.
# For more information, please see the documentation at:
#   https://docs.haskellstack.org/en/stable/lock_files

packages:
- completed:
    hackage: X11-1.8@sha256:77d5880a95383b8631e4951e8f3c159d959109736429dcf0ab79f201d9c227c0,2728
    pantry-tree:
      size: 2762
      sha256: fa506e0edef501abcf35f39fe69ddbc7f330f3668e1c23087a07fbd4e4dc6e5d
  original:
    hackage: X11-1.8
- completed:
    hackage: X11-xft-0.3.1@sha256:3fc08ff4c419405f33905b160a1d405c60be801d3d1ace745ee5b7ca38531363,654
    pantry-tree:
      size: 325
      sha256: 107995822ae4183e9d9ef04b65d32b672b4a8f40e6f898d4094e4e2d5b564d85
  original:
    hackage: X11-xft-0.3.1
- completed:
    hackage: xmonad-0.15@sha256:db671d78ecd66f39f23decf60974a3e078525ec9d2be68a3946b0cfb4d3954fa,5255
    pantry-tree:
      size: 2474
      sha256: 0e5b141def9130877fa03c85900df2e2ea00f3513e9c0d39ef3b3ba1f6dc20ad
  original:
    hackage: xmonad-0.15
- completed:
    hackage: xmonad-contrib-0.15@sha256:3400e314505eb9887944df064c8a200d278f4ce884745b7ac3bff4181ea4e0b2,15778
    pantry-tree:
      size: 19355
      sha256: 6c910e6a428bb05ecc3881f4b1ce3b3745cea36939142143bf0f8cbbf4f05990
  original:
    hackage: xmonad-contrib-0.15
- completed:
    hackage: xmonad-wallpaper-0.0.1.4@sha256:485ca693e30b8994ad8b18ba4aae6a0587b03bda0298f62798203f2ec0d9afef,2395
    pantry-tree:
      size: 462
      sha256: 131b39862cabb2c42c6298405c00c6bb063b69ca09ad47d94b2bb730af62258b
  original:
    hackage: xmonad-wallpaper-0.0.1.4
snapshots:
- completed:
    size: 423824
    url: https://raw.githubusercontent.com/commercialhaskell/stackage-snapshots/master/lts/7/19.yaml
    sha256: 1cb841230c0d8332ae839b4daf79fdc37b7992e353ef87940044616b659fe99f
  original: lts-7.19
